# This file is automatically @generated by Cargo.
# It is not intended for manual editing.
version = 4

[[package]]
name = "async-scraper"
version = "0.1.0"

[[package]]
name = "kv-store"
version = "0.1.0"

[[package]]
name = "log-analyzer"
version = "0.1.0"

[[package]]
name = "mini-http"
version = "0.1.0"

[[package]]
name = "query-engine"
version = "0.1.0"

[[package]]
name = "shared"
version = "0.1.0"

[[package]]
name = "task-queue"
version = "0.1.0"
